// !$*UTF8*$!
{
	archiveVersion = 1;
	classes = {
	};
	objectVersion = 77;
	objects = {

/* Begin PBXContainerItemProxy section */
		A1314FE62E3D27A40000BB10 /* PBXContainerItemProxy */ = {
			isa = PBXContainerItemProxy;
			containerPortal = A1314FD02E3D27A30000BB10 /* Project object */;
			proxyType = 1;
			remoteGlobalIDString = A1314FD72E3D27A30000BB10;
			remoteInfo = TalkiveMobile;
		};
		A1314FF02E3D27A40000BB10 /* PBXContainerItemProxy */ = {
			isa = PBXContainerItemProxy;
			containerPortal = A1314FD02E3D27A30000BB10 /* Project object */;
			proxyType = 1;
			remoteGlobalIDString = A1314FD72E3D27A30000BB10;
			remoteInfo = TalkiveMobile;
		};
/* End PBXContainerItemProxy section */

/* Begin PBXFileReference section */
		A1314FD82E3D27A30000BB10 /* TalkiveMobile.app */ = {isa = PBXFileReference; explicitFileType = wrapper.application; includeInIndex = 0; path = TalkiveMobile.app; sourceTree = BUILT_PRODUCTS_DIR; };
		A1314FE52E3D27A40000BB10 /* TalkiveMobileTests.xctest */ = {isa = PBXFileReference; explicitFileType = wrapper.cfbundle; includeInIndex = 0; path = TalkiveMobileTests.xctest; sourceTree = BUILT_PRODUCTS_DIR; };
		A1314FEF2E3D27A40000BB10 /* TalkiveMobileUITests.xctest */ = {isa = PBXFileReference; explicitFileType = wrapper.cfbundle; includeInIndex = 0; path = TalkiveMobileUITests.xctest; sourceTree = BUILT_PRODUCTS_DIR; };
/* End PBXFileReference section */

/* Begin PBXFileSystemSynchronizedRootGroup section */
		A1314FDA2E3D27A30000BB10 /* TalkiveMobile */ = {
			isa = PBXFileSystemSynchronizedRootGroup;
			path = TalkiveMobile;
			sourceTree = "<group>";
		};
		A1314FE82E3D27A40000BB10 /* TalkiveMobileTests */ = {
			isa = PBXFileSystemSynchronizedRootGroup;
			path = TalkiveMobileTests;
			sourceTree = "<group>";
		};
		A1314FF22E3D27A40000BB10 /* TalkiveMobileUITests */ = {
			isa = PBXFileSystemSynchronizedRootGroup;
			path = TalkiveMobileUITests;
			sourceTree = "<group>";
		};
/* End PBXFileSystemSynchronizedRootGroup section */

/* Begin PBXFrameworksBuildPhase section */
		A1314FD52E3D27A30000BB10 /* Frameworks */ = {
			isa = PBXFrameworksBuildPhase;
			buildActionMask = 2147483647;
			files = (
			);
			runOnlyForDeploymentPostprocessing = 0;
		};
		A1314FE22E3D27A40000BB10 /* Frameworks */ = {
			isa = PBXFrameworksBuildPhase;
			buildActionMask = 2147483647;
			files = (
			);
			runOnlyForDeploymentPostprocessing = 0;
		};
		A1314FEC2E3D27A40000BB10 /* Frameworks */ = {
			isa = PBXFrameworksBuildPhase;
			buildActionMask = 2147483647;
			files = (
			);
			runOnlyForDeploymentPostprocessing = 0;
		};
/* End PBXFrameworksBuildPhase section */

/* Begin PBXGroup section */
		A1314FCF2E3D27A30000BB10 = {
			isa = PBXGroup;
			children = (
				A1314FDA2E3D27A30000BB10 /* TalkiveMobile */,
				A1314FE82E3D27A40000BB10 /* TalkiveMobileTests */,
				A1314FF22E3D27A40000BB10 /* TalkiveMobileUITests */,
				A1314FD92E3D27A30000BB10 /* Products */,
			);
			sourceTree = "<group>";
		};
		A1314FD92E3D27A30000BB10 /* Products */ = {
			isa = PBXGroup;
			children = (
				A1314FD82E3D27A30000BB10 /* TalkiveMobile.app */,
				A1314FE52E3D27A40000BB10 /* TalkiveMobileTests.xctest */,
				A1314FEF2E3D27A40000BB10 /* TalkiveMobileUITests.xctest */,
			);
			name = Products;
			sourceTree = "<group>";
		};
/* End PBXGroup section */

/* Begin PBXNativeTarget section */
		A1314FD72E3D27A30000BB10 /* TalkiveMobile */ = {
			isa = PBXNativeTarget;
			buildConfigurationList = A1314FF92E3D27A40000BB10 /* Build configuration list for PBXNativeTarget "TalkiveMobile" */;
			buildPhases = (
				A1314FD42E3D27A30000BB10 /* Sources */,
				A1314FD52E3D27A30000BB10 /* Frameworks */,
				A1314FD62E3D27A30000BB10 /* Resources */,
			);
			buildRules = (
			);
			dependencies = (
			);
			fileSystemSynchronizedGroups = (
				A1314FDA2E3D27A30000BB10 /* TalkiveMobile */,
			);
			name = TalkiveMobile;
			packageProductDependencies = (
			);
			productName = TalkiveMobile;
			productReference = A1314FD82E3D27A30000BB10 /* TalkiveMobile.app */;
			productType = "com.apple.product-type.application";
		};
		A1314FE42E3D27A40000BB10 /* TalkiveMobileTests */ = {
			isa = PBXNativeTarget;
			buildConfigurationList = A1314FFC2E3D27A40000BB10 /* Build configuration list for PBXNativeTarget "TalkiveMobileTests" */;
			buildPhases = (
				A1314FE12E3D27A40000BB10 /* Sources */,
				A1314FE22E3D27A40000BB10 /* Frameworks */,
				A1314FE32E3D27A40000BB10 /* Resources */,
			);
			buildRules = (
			);
			dependencies = (
				A1314FE72E3D27A40000BB10 /* PBXTargetDependency */,
			);
			fileSystemSynchronizedGroups = (
				A1314FE82E3D27A40000BB10 /* TalkiveMobileTests */,
			);
			name = TalkiveMobileTests;
			packageProductDependencies = (
			);
			productName = TalkiveMobileTests;
			productReference = A1314FE52E3D27A40000BB10 /* TalkiveMobileTests.xctest */;
			productType = "com.apple.product-type.bundle.unit-test";
		};
		A1314FEE2E3D27A40000BB10 /* TalkiveMobileUITests */ = {
			isa = PBXNativeTarget;
			buildConfigurationList = A1314FFF2E3D27A40000BB10 /* Build configuration list for PBXNativeTarget "TalkiveMobileUITests" */;
			buildPhases = (
				A1314FEB2E3D27A40000BB10 /* Sources */,
				A1314FEC2E3D27A40000BB10 /* Frameworks */,
				A1314FED2E3D27A40000BB10 /* Resources */,
			);
			buildRules = (
			);
			dependencies = (
				A1314FF12E3D27A40000BB10 /* PBXTargetDependency */,
			);
			fileSystemSynchronizedGroups = (
				A1314FF22E3D27A40000BB10 /* TalkiveMobileUITests */,
			);
			name = TalkiveMobileUITests;
			packageProductDependencies = (
			);
			productName = TalkiveMobileUITests;
			productReference = A1314FEF2E3D27A40000BB10 /* TalkiveMobileUITests.xctest */;
			productType = "com.apple.product-type.bundle.ui-testing";
		};
/* End PBXNativeTarget section */

/* Begin PBXProject section */
		A1314FD02E3D27A30000BB10 /* Project object */ = {
			isa = PBXProject;
			attributes = {
				BuildIndependentTargetsInParallel = 1;
				LastSwiftUpdateCheck = 1640;
				LastUpgradeCheck = 1640;
				TargetAttributes = {
					A1314FD72E3D27A30000BB10 = {
						CreatedOnToolsVersion = 16.4;
					};
					A1314FE42E3D27A40000BB10 = {
						CreatedOnToolsVersion = 16.4;
						TestTargetID = A1314FD72E3D27A30000BB10;
					};
					A1314FEE2E3D27A40000BB10 = {
						CreatedOnToolsVersion = 16.4;
						TestTargetID = A1314FD72E3D27A30000BB10;
					};
				};
			};
			buildConfigurationList = A1314FD32E3D27A30000BB10 /* Build configuration list for PBXProject "TalkiveMobile" */;
			developmentRegion = en;
			hasScannedForEncodings = 0;
			knownRegions = (
				en,
				Base,
			);
			mainGroup = A1314FCF2E3D27A30000BB10;
			minimizedProjectReferenceProxies = 1;
			preferredProjectObjectVersion = 77;
			productRefGroup = A1314FD92E3D27A30000BB10 /* Products */;
			projectDirPath = "";
			projectRoot = "";
			targets = (
				A1314FD72E3D27A30000BB10 /* TalkiveMobile */,
				A1314FE42E3D27A40000BB10 /* TalkiveMobileTests */,
				A1314FEE2E3D27A40000BB10 /* TalkiveMobileUITests */,
			);
		};
/* End PBXProject section */

/* Begin PBXResourcesBuildPhase section */
		A1314FD62E3D27A30000BB10 /* Resources */ = {
			isa = PBXResourcesBuildPhase;
			buildActionMask = 2147483647;
			files = (
			);
			runOnlyForDeploymentPostprocessing = 0;
		};
		A1314FE32E3D27A40000BB10 /* Resources */ = {
			isa = PBXResourcesBuildPhase;
			buildActionMask = 2147483647;
			files = (
			);
			runOnlyForDeploymentPostprocessing = 0;
		};
		A1314FED2E3D27A40000BB10 /* Resources */ = {
			isa = PBXResourcesBuildPhase;
			buildActionMask = 2147483647;
			files = (
			);
			runOnlyForDeploymentPostprocessing = 0;
		};
/* End PBXResourcesBuildPhase section */

/* Begin PBXSourcesBuildPhase section */
		A1314FD42E3D27A30000BB10 /* Sources */ = {
			isa = PBXSourcesBuildPhase;
			buildActionMask = 2147483647;
			files = (
			);
			runOnlyForDeploymentPostprocessing = 0;
		};
		A1314FE12E3D27A40000BB10 /* Sources */ = {
			isa = PBXSourcesBuildPhase;
			buildActionMask = 2147483647;
			files = (
			);
			runOnlyForDeploymentPostprocessing = 0;
		};
		A1314FEB2E3D27A40000BB10 /* Sources */ = {
			isa = PBXSourcesBuildPhase;
			buildActionMask = 2147483647;
			files = (
			);
			runOnlyForDeploymentPostprocessing = 0;
		};
/* End PBXSourcesBuildPhase section */

/* Begin PBXTargetDependency section */
		A1314FE72E3D27A40000BB10 /* PBXTargetDependency */ = {
			isa = PBXTargetDependency;
			target = A1314FD72E3D27A30000BB10 /* TalkiveMobile */;
			targetProxy = A1314FE62E3D27A40000BB10 /* PBXContainerItemProxy */;
		};
		A1314FF12E3D27A40000BB10 /* PBXTargetDependency */ = {
			isa = PBXTargetDependency;
			target = A1314FD72E3D27A30000BB10 /* TalkiveMobile */;
			targetProxy = A1314FF02E3D27A40000BB10 /* PBXContainerItemProxy */;
		};
/* End PBXTargetDependency section */

/* Begin XCBuildConfiguration section */
		A1314FF72E3D27A40000BB10 /* Debug */ = {
			isa = XCBuildConfiguration;
			buildSettings = {
				ALWAYS_SEARCH_USER_PATHS = NO;
				ASSETCATALOG_COMPILER_GENERATE_SWIFT_ASSET_SYMBOL_EXTENSIONS = YES;
				CLANG_ANALYZER_NONNULL = YES;
				CLANG_ANALYZER_NUMBER_OBJECT_CONVERSION = YES_AGGRESSIVE;
				CLANG_CXX_LANGUAGE_STANDARD = "gnu++20";
				CLANG_ENABLE_MODULES = YES;
				CLANG_ENABLE_OBJC_ARC = YES;
				CLANG_ENABLE_OBJC_WEAK = YES;
				CLANG_WARN_BLOCK_CAPTURE_AUTORELEASING = YES;
				CLANG_WARN_BOOL_CONVERSION = YES;
				CLANG_WARN_COMMA = YES;
				CLANG_WARN_CONSTANT_CONVERSION = YES;
				CLANG_WARN_DEPRECATED_OBJC_IMPLEMENTATIONS = YES;
				CLANG_WARN_DIRECT_OBJC_ISA_USAGE = YES_ERROR;
				CLANG_WARN_DOCUMENTATION_COMMENTS = YES;
				CLANG_WARN_EMPTY_BODY = YES;
				CLANG_WARN_ENUM_CONVERSION = YES;
				CLANG_WARN_INFINITE_RECURSION = YES;
				CLANG_WARN_INT_CONVERSION = YES;
				CLANG_WARN_NON_LITERAL_NULL_CONVERSION = YES;
				CLANG_WARN_OBJC_IMPLICIT_RETAIN_SELF = YES;
				CLANG_WARN_OBJC_LITERAL_CONVERSION = YES;
				CLANG_WARN_OBJC_ROOT_CLASS = YES_ERROR;
				CLANG_WARN_QUOTED_INCLUDE_IN_FRAMEWORK_HEADER = YES;
				CLANG_WARN_RANGE_LOOP_ANALYSIS = YES;
				CLANG_WARN_STRICT_PROTOTYPES = YES;
				CLANG_WARN_SUSPICIOUS_MOVE = YES;
				CLANG_WARN_UNGUARDED_AVAILABILITY = YES_AGGRESSIVE;
				CLANG_WARN_UNREACHABLE_CODE = YES;
				CLANG_WARN__DUPLICATE_METHOD_MATCH = YES;
				COPY_PHASE_STRIP = NO;
				DEBUG_INFORMATION_FORMAT = dwarf;
				DEVELOPMENT_TEAM = Q4P6UV28SU;
				ENABLE_STRICT_OBJC_MSGSEND = YES;
				ENABLE_TESTABILITY = YES;
				ENABLE_USER_SCRIPT_SANDBOXING = YES;
				GCC_C_LANGUAGE_STANDARD = gnu17;
				GCC_DYNAMIC_NO_PIC = NO;
				GCC_NO_COMMON_BLOCKS = YES;
				GCC_OPTIMIZATION_LEVEL = 0;
				GCC_PREPROCESSOR_DEFINITIONS = (
					"DEBUG=1",
					"$(inherited)",
				);
				GCC_WARN_64_TO_32_BIT_CONVERSION = YES;
				GCC_WARN_ABOUT_RETURN_TYPE = YES_ERROR;
				GCC_WARN_UNDECLARED_SELECTOR = YES;
				GCC_WARN_UNINITIALIZED_AUTOS = YES_AGGRESSIVE;
				GCC_WARN_UNUSED_FUNCTION = YES;
				GCC_WARN_UNUSED_VARIABLE = YES;
				IPHONEOS_DEPLOYMENT_TARGET = 18.5;
				LOCALIZATION_PREFERS_STRING_CATALOGS = YES;
				MTL_ENABLE_DEBUG_INFO = INCLUDE_SOURCE;
				MTL_FAST_MATH = YES;
				ONLY_ACTIVE_ARCH = YES;
				SDKROOT = iphoneos;
				SWIFT_ACTIVE_COMPILATION_CONDITIONS = "DEBUG $(inherited)";
				SWIFT_OPTIMIZATION_LEVEL = "-Onone";
			};
			name = Debug;
		};
		A1314FF82E3D27A40000BB10 /* Release */ = {
			isa = XCBuildConfiguration;
			buildSettings = {
				ALWAYS_SEARCH_USER_PATHS = NO;
				ASSETCATALOG_COMPILER_GENERATE_SWIFT_ASSET_SYMBOL_EXTENSIONS = YES;
				CLANG_ANALYZER_NONNULL = YES;
				CLANG_ANALYZER_NUMBER_OBJECT_CONVERSION = YES_AGGRESSIVE;
				CLANG_CXX_LANGUAGE_STANDARD = "gnu++20";
				CLANG_ENABLE_MODULES = YES;
				CLANG_ENABLE_OBJC_ARC = YES;
				CLANG_ENABLE_OBJC_WEAK = YES;
				CLANG_WARN_BLOCK_CAPTURE_AUTORELEASING = YES;
				CLANG_WARN_BOOL_CONVERSION = YES;
				CLANG_WARN_COMMA = YES;
				CLANG_WARN_CONSTANT_CONVERSION = YES;
				CLANG_WARN_DEPRECATED_OBJC_IMPLEMENTATIONS = YES;
				CLANG_WARN_DIRECT_OBJC_ISA_USAGE = YES_ERROR;
				CLANG_WARN_DOCUMENTATION_COMMENTS = YES;
				CLANG_WARN_EMPTY_BODY = YES;
				CLANG_WARN_ENUM_CONVERSION = YES;
				CLANG_WARN_INFINITE_RECURSION = YES;
				CLANG_WARN_INT_CONVERSION = YES;
				CLANG_WARN_NON_LITERAL_NULL_CONVERSION = YES;
				CLANG_WARN_OBJC_IMPLICIT_RETAIN_SELF = YES;
				CLANG_WARN_OBJC_LITERAL_CONVERSION = YES;
				CLANG_WARN_OBJC_ROOT_CLASS = YES_ERROR;
				CLANG_WARN_QUOTED_INCLUDE_IN_FRAMEWORK_HEADER = YES;
				CLANG_WARN_RANGE_LOOP_ANALYSIS = YES;
				CLANG_WARN_STRICT_PROTOTYPES = YES;
				CLANG_WARN_SUSPICIOUS_MOVE = YES;
				CLANG_WARN_UNGUARDED_AVAILABILITY = YES_AGGRESSIVE;
				CLANG_WARN_UNREACHABLE_CODE = YES;
				CLANG_WARN__DUPLICATE_METHOD_MATCH = YES;
				COPY_PHASE_STRIP = NO;
				DEBUG_INFORMATION_FORMAT = "dwarf-with-dsym";
				DEVELOPMENT_TEAM = Q4P6UV28SU;
				ENABLE_NS_ASSERTIONS = NO;
				ENABLE_STRICT_OBJC_MSGSEND = YES;
				ENABLE_USER_SCRIPT_SANDBOXING = YES;
				GCC_C_LANGUAGE_STANDARD = gnu17;
				GCC_NO_COMMON_BLOCKS = YES;
				GCC_WARN_64_TO_32_BIT_CONVERSION = YES;
				GCC_WARN_ABOUT_RETURN_TYPE = YES_ERROR;
				GCC_WARN_UNDECLARED_SELECTOR = YES;
				GCC_WARN_UNINITIALIZED_AUTOS = YES_AGGRESSIVE;
				GCC_WARN_UNUSED_FUNCTION = YES;
				GCC_WARN_UNUSED_VARIABLE = YES;
				IPHONEOS_DEPLOYMENT_TARGET = 18.5;
				LOCALIZATION_PREFERS_STRING_CATALOGS = YES;
				MTL_ENABLE_DEBUG_INFO = NO;
				MTL_FAST_MATH = YES;
				SDKROOT = iphoneos;
				SWIFT_COMPILATION_MODE = wholemodule;
				VALIDATE_PRODUCT = YES;
			};
			name = Release;
		};
		A1314FFA2E3D27A40000BB10 /* Debug */ = {
			isa = XCBuildConfiguration;
			buildSettings = {
				ASSETCATALOG_COMPILER_APPICON_NAME = AppIcon;
				ASSETCATALOG_COMPILER_GLOBAL_ACCENT_COLOR_NAME = AccentColor;
				CODE_SIGN_STYLE = Automatic;
				CURRENT_PROJECT_VERSION = 1;
				DEVELOPMENT_TEAM = Q4P6UV28SU;
				ENABLE_PREVIEWS = YES;
				GENERATE_INFOPLIST_FILE = YES;
				INFOPLIST_KEY_UIApplicationSceneManifest_Generation = YES;
				INFOPLIST_KEY_UIApplicationSupportsIndirectInputEvents = YES;
				INFOPLIST_KEY_UILaunchScreen_Generation = YES;
				INFOPLIST_KEY_UISupportedInterfaceOrientations_iPad = "UIInterfaceOrientationPortrait UIInterfaceOrientationPortraitUpsideDown UIInterfaceOrientationLandscapeLeft UIInterfaceOrientationLandscapeRight";
				INFOPLIST_KEY_UISupportedInterfaceOrientations_iPhone = "UIInterfaceOrientationPortrait UIInterfaceOrientationLandscapeLeft UIInterfaceOrientationLandscapeRight";
				LD_RUNPATH_SEARCH_PATHS = (
					"$(inherited)",
					"@executable_path/Frameworks",
				);
				MARKETING_VERSION = 1.0;
				PRODUCT_BUNDLE_IDENTIFIER = algorixStudio.TalkiveMobile;
				PRODUCT_NAME = "$(TARGET_NAME)";
				SWIFT_EMIT_LOC_STRINGS = YES;
				SWIFT_VERSION = 5.0;
				TARGETED_DEVICE_FAMILY = "1,2";
			};
			name = Debug;
		};
		A1314FFB2E3D27A40000BB10 /* Release */ = {
			isa = XCBuildConfiguration;
			buildSettings = {
				ASSETCATALOG_COMPILER_APPICON_NAME = AppIcon;
				ASSETCATALOG_COMPILER_GLOBAL_ACCENT_COLOR_NAME = AccentColor;
				CODE_SIGN_STYLE = Automatic;
				CURRENT_PROJECT_VERSION = 1;
				DEVELOPMENT_TEAM = Q4P6UV28SU;
				ENABLE_PREVIEWS = YES;
				GENERATE_INFOPLIST_FILE = YES;
				INFOPLIST_KEY_UIApplicationSceneManifest_Generation = YES;
				INFOPLIST_KEY_UIApplicationSupportsIndirectInputEvents = YES;
				INFOPLIST_KEY_UILaunchScreen_Generation = YES;
				INFOPLIST_KEY_UISupportedInterfaceOrientations_iPad = "UIInterfaceOrientationPortrait UIInterfaceOrientationPortraitUpsideDown UIInterfaceOrientationLandscapeLeft UIInterfaceOrientationLandscapeRight";
				INFOPLIST_KEY_UISupportedInterfaceOrientations_iPhone = "UIInterfaceOrientationPortrait UIInterfaceOrientationLandscapeLeft UIInterfaceOrientationLandscapeRight";
				LD_RUNPATH_SEARCH_PATHS = (
					"$(inherited)",
					"@executable_path/Frameworks",
				);
				MARKETING_VERSION = 1.0;
				PRODUCT_BUNDLE_IDENTIFIER = algorixStudio.TalkiveMobile;
				PRODUCT_NAME = "$(TARGET_NAME)";
				SWIFT_EMIT_LOC_STRINGS = YES;
				SWIFT_VERSION = 5.0;
				TARGETED_DEVICE_FAMILY = "1,2";
			};
			name = Release;
		};
		A1314FFD2E3D27A40000BB10 /* Debug */ = {
			isa = XCBuildConfiguration;
			buildSettings = {
				BUNDLE_LOADER = "$(TEST_HOST)";
				CODE_SIGN_STYLE = Automatic;
				CURRENT_PROJECT_VERSION = 1;
				DEVELOPMENT_TEAM = Q4P6UV28SU;
				GENERATE_INFOPLIST_FILE = YES;
				IPHONEOS_DEPLOYMENT_TARGET = 18.5;
				MARKETING_VERSION = 1.0;
				PRODUCT_BUNDLE_IDENTIFIER = algorixStudio.TalkiveMobileTests;
				PRODUCT_NAME = "$(TARGET_NAME)";
				SWIFT_EMIT_LOC_STRINGS = NO;
				SWIFT_VERSION = 5.0;
				TARGETED_DEVICE_FAMILY = "1,2";
				TEST_HOST = "$(BUILT_PRODUCTS_DIR)/TalkiveMobile.app/$(BUNDLE_EXECUTABLE_FOLDER_PATH)/TalkiveMobile";
			};
			name = Debug;
		};
		A1314FFE2E3D27A40000BB10 /* Release */ = {
			isa = XCBuildConfiguration;
			buildSettings = {
				BUNDLE_LOADER = "$(TEST_HOST)";
				CODE_SIGN_STYLE = Automatic;
				CURRENT_PROJECT_VERSION = 1;
				DEVELOPMENT_TEAM = Q4P6UV28SU;
				GENERATE_INFOPLIST_FILE = YES;
				IPHONEOS_DEPLOYMENT_TARGET = 18.5;
				MARKETING_VERSION = 1.0;
				PRODUCT_BUNDLE_IDENTIFIER = algorixStudio.TalkiveMobileTests;
				PRODUCT_NAME = "$(TARGET_NAME)";
				SWIFT_EMIT_LOC_STRINGS = NO;
				SWIFT_VERSION = 5.0;
				TARGETED_DEVICE_FAMILY = "1,2";
				TEST_HOST = "$(BUILT_PRODUCTS_DIR)/TalkiveMobile.app/$(BUNDLE_EXECUTABLE_FOLDER_PATH)/TalkiveMobile";
			};
			name = Release;
		};
		A13150002E3D27A40000BB10 /* Debug */ = {
			isa = XCBuildConfiguration;
			buildSettings = {
				CODE_SIGN_STYLE = Automatic;
				CURRENT_PROJECT_VERSION = 1;
				DEVELOPMENT_TEAM = Q4P6UV28SU;
				GENERATE_INFOPLIST_FILE = YES;
				MARKETING_VERSION = 1.0;
				PRODUCT_BUNDLE_IDENTIFIER = algorixStudio.TalkiveMobileUITests;
				PRODUCT_NAME = "$(TARGET_NAME)";
				SWIFT_EMIT_LOC_STRINGS = NO;
				SWIFT_VERSION = 5.0;
				TARGETED_DEVICE_FAMILY = "1,2";
				TEST_TARGET_NAME = TalkiveMobile;
			};
			name = Debug;
		};
		A13150012E3D27A40000BB10 /* Release */ = {
			isa = XCBuildConfiguration;
			buildSettings = {
				CODE_SIGN_STYLE = Automatic;
				CURRENT_PROJECT_VERSION = 1;
				DEVELOPMENT_TEAM = Q4P6UV28SU;
				GENERATE_INFOPLIST_FILE = YES;
				MARKETING_VERSION = 1.0;
				PRODUCT_BUNDLE_IDENTIFIER = algorixStudio.TalkiveMobileUITests;
				PRODUCT_NAME = "$(TARGET_NAME)";
				SWIFT_EMIT_LOC_STRINGS = NO;
				SWIFT_VERSION = 5.0;
				TARGETED_DEVICE_FAMILY = "1,2";
				TEST_TARGET_NAME = TalkiveMobile;
			};
			name = Release;
		};
/* End XCBuildConfiguration section */

/* Begin XCConfigurationList section */
		A1314FD32E3D27A30000BB10 /* Build configuration list for PBXProject "TalkiveMobile" */ = {
			isa = XCConfigurationList;
			buildConfigurations = (
				A1314FF72E3D27A40000BB10 /* Debug */,
				A1314FF82E3D27A40000BB10 /* Release */,
			);
			defaultConfigurationIsVisible = 0;
			defaultConfigurationName = Release;
		};
		A1314FF92E3D27A40000BB10 /* Build configuration list for PBXNativeTarget "TalkiveMobile" */ = {
			isa = XCConfigurationList;
			buildConfigurations = (
				A1314FFA2E3D27A40000BB10 /* Debug */,
				A1314FFB2E3D27A40000BB10 /* Release */,
			);
			defaultConfigurationIsVisible = 0;
			defaultConfigurationName = Release;
		};
		A1314FFC2E3D27A40000BB10 /* Build configuration list for PBXNativeTarget "TalkiveMobileTests" */ = {
			isa = XCConfigurationList;
			buildConfigurations = (
				A1314FFD2E3D27A40000BB10 /* Debug */,
				A1314FFE2E3D27A40000BB10 /* Release */,
			);
			defaultConfigurationIsVisible = 0;
			defaultConfigurationName = Release;
		};
		A1314FFF2E3D27A40000BB10 /* Build configuration list for PBXNativeTarget "TalkiveMobileUITests" */ = {
			isa = XCConfigurationList;
			buildConfigurations = (
				A13150002E3D27A40000BB10 /* Debug */,
				A13150012E3D27A40000BB10 /* Release */,
			);
			defaultConfigurationIsVisible = 0;
			defaultConfigurationName = Release;
		};
/* End XCConfigurationList section */
	};
	rootObject = A1314FD02E3D27A30000BB10 /* Project object */;
}
